
Microsoft Visual Studio Solution File, Format Version 12.00
# Visual Studio Version 17
VisualStudioVersion = 17.7.34031.279
MinimumVisualStudioVersion = 10.0.40219.1
Project("{FAE04EC0-301F-11D3-BF4B-00C04F79EFBC}") = "StructArray", "StructArray.csproj", "{A2A03DAA-E567-40A3-913C-1A68341F21C6}"
EndProject
Global
	GlobalSection(SolutionConfigurationPlatforms) = preSolution
		Debug|Any CPU = Debug|Any CPU
		Release|Any CPU = Release|Any CPU
	EndGlobalSection
	GlobalSection(ProjectConfigurationPlatforms) = postSolution
		{A2A03DAA-E567-40A3-913C-1A68341F21C6}.Debug|Any CPU.ActiveCfg = Debug|Any CPU
		{A2A03DAA-E567-40A3-913C-1A68341F21C6}.Debug|Any CPU.Build.0 = Debug|Any CPU
		{A2A03DAA-E567-40A3-913C-1A68341F21C6}.Release|Any CPU.ActiveCfg = Release|Any CPU
		{A2A03DAA-E567-40A3-913C-1A68341F21C6}.Release|Any CPU.Build.0 = Release|Any CPU
	EndGlobalSection
	GlobalSection(SolutionProperties) = preSolution
		HideSolutionNode = FALSE
	EndGlobalSection
	GlobalSection(ExtensibilityGlobals) = postSolution
		SolutionGuid = {67D09B84-82E7-47EF-8E32-2CD31D3B3247}
	EndGlobalSection
EndGlobal
