
Microsoft Visual Studio Solution File, Format Version 12.00
# Visual Studio Version 17
VisualStudioVersion = 17.7.34031.279
MinimumVisualStudioVersion = 10.0.40219.1
Project("{FAE04EC0-301F-11D3-BF4B-00C04F79EFBC}") = "Property_test", "Property_test.csproj", "{A2E5B976-692D-4483-B2AF-FE22D86BEAF6}"
EndProject
Global
	GlobalSection(SolutionConfigurationPlatforms) = preSolution
		Debug|Any CPU = Debug|Any CPU
		Release|Any CPU = Release|Any CPU
	EndGlobalSection
	GlobalSection(ProjectConfigurationPlatforms) = postSolution
		{A2E5B976-692D-4483-B2AF-FE22D86BEAF6}.Debug|Any CPU.ActiveCfg = Debug|Any CPU
		{A2E5B976-692D-4483-B2AF-FE22D86BEAF6}.Debug|Any CPU.Build.0 = Debug|Any CPU
		{A2E5B976-692D-4483-B2AF-FE22D86BEAF6}.Release|Any CPU.ActiveCfg = Release|Any CPU
		{A2E5B976-692D-4483-B2AF-FE22D86BEAF6}.Release|Any CPU.Build.0 = Release|Any CPU
	EndGlobalSection
	GlobalSection(SolutionProperties) = preSolution
		HideSolutionNode = FALSE
	EndGlobalSection
	GlobalSection(ExtensibilityGlobals) = postSolution
		SolutionGuid = {B9ECF917-4BE0-41B8-BB68-A50BD90C79E4}
	EndGlobalSection
EndGlobal
